
Microsoft Visual Studio Solution File, Format Version 12.00
# Visual Studio 15
VisualStudioVersion = 15.0.28010.0
MinimumVisualStudioVersion = 10.0.40219.1
Project("{9A19103F-16F7-4668-BE54-9A1E7A4F7556}") = "JYCache", "JYCache\JYCache.csproj", "{93BB1E2C-1506-4C8F-BE25-F12B17FB423B}"
EndProject
Project("{FAE04EC0-301F-11D3-BF4B-00C04F79EFBC}") = "ConsoleApp1", "ConsoleApp1\ConsoleApp1.csproj", "{E2F5DB11-99C1-468B-AA34-B1E97538F2E6}"
EndProject
Global
	GlobalSection(SolutionConfigurationPlatforms) = preSolution
		Debug|Any CPU = Debug|Any CPU
		Release|Any CPU = Release|Any CPU
	EndGlobalSection
	GlobalSection(ProjectConfigurationPlatforms) = postSolution
		{93BB1E2C-1506-4C8F-BE25-F12B17FB423B}.Debug|Any CPU.ActiveCfg = Debug|Any CPU
		{93BB1E2C-1506-4C8F-BE25-F12B17FB423B}.Debug|Any CPU.Build.0 = Debug|Any CPU
		{93BB1E2C-1506-4C8F-BE25-F12B17FB423B}.Release|Any CPU.ActiveCfg = Release|Any CPU
		{93BB1E2C-1506-4C8F-BE25-F12B17FB423B}.Release|Any CPU.Build.0 = Release|Any CPU
		{E2F5DB11-99C1-468B-AA34-B1E97538F2E6}.Debug|Any CPU.ActiveCfg = Debug|Any CPU
		{E2F5DB11-99C1-468B-AA34-B1E97538F2E6}.Debug|Any CPU.Build.0 = Debug|Any CPU
		{E2F5DB11-99C1-468B-AA34-B1E97538F2E6}.Release|Any CPU.ActiveCfg = Release|Any CPU
		{E2F5DB11-99C1-468B-AA34-B1E97538F2E6}.Release|Any CPU.Build.0 = Release|Any CPU
	EndGlobalSection
	GlobalSection(SolutionProperties) = preSolution
		HideSolutionNode = FALSE
	EndGlobalSection
	GlobalSection(ExtensibilityGlobals) = postSolution
		SolutionGuid = {A077ABA5-98E5-4D18-8A23-0636D91BF6B9}
	EndGlobalSection
EndGlobal
